// !$*UTF8*$!
{
	archiveVersion = 1;
	classes = {
	};
	objectVersion = 56;
	objects = {

/* Begin PBXBuildFile section */
		76A932DE2D0DD8B200A71DAD /* AppDelegate.swift in Sources */ = {isa = PBXBuildFile; fileRef = 76A932DD2D0DD8B200A71DAD /* AppDelegate.swift */; };
		76A932E72D0DD8B400A71DAD /* Assets.xcassets in Resources */ = {isa = PBXBuildFile; fileRef = 76A932E62D0DD8B400A71DAD /* Assets.xcassets */; };
		76A932F92D0E323200A71DAD /* Colors.swift in Sources */ = {isa = PBXBuildFile; fileRef = 76A932F82D0E323200A71DAD /* Colors.swift */; };
		76A932FC2D0E33DB00A71DAD /* NearbyFlowController.swift in Sources */ = {isa = PBXBuildFile; fileRef = 76A932FB2D0E33DB00A71DAD /* NearbyFlowController.swift */; };
		76A933002D0E35E800A71DAD /* SplashViewController.swift in Sources */ = {isa = PBXBuildFile; fileRef = 76A932FF2D0E35E800A71DAD /* SplashViewController.swift */; };
		76A933022D0E363500A71DAD /* SplashView.swift in Sources */ = {isa = PBXBuildFile; fileRef = 76A933012D0E363500A71DAD /* SplashView.swift */; };
		76A933052D0F5D9800A71DAD /* TipsView.swift in Sources */ = {isa = PBXBuildFile; fileRef = 76A933042D0F5D9800A71DAD /* TipsView.swift */; };
		76A933082D0F60F500A71DAD /* WelcomeView.swift in Sources */ = {isa = PBXBuildFile; fileRef = 76A933072D0F60F500A71DAD /* WelcomeView.swift */; };
		76A9330A2D0F64A000A71DAD /* WelcomeViewController.swift in Sources */ = {isa = PBXBuildFile; fileRef = 76A933092D0F64A000A71DAD /* WelcomeViewController.swift */; };
		76A9330D2D0F6ADC00A71DAD /* UIViewController+ext.swift in Sources */ = {isa = PBXBuildFile; fileRef = 76A9330C2D0F6ADC00A71DAD /* UIViewController+ext.swift */; };
		76A9330F2D0F6BE500A71DAD /* SplashFlowDelegate.swift in Sources */ = {isa = PBXBuildFile; fileRef = 76A9330E2D0F6BE500A71DAD /* SplashFlowDelegate.swift */; };
		76A933112D0F6EA800A71DAD /* SceneDelegate.swift in Sources */ = {isa = PBXBuildFile; fileRef = 76A933102D0F6EA800A71DAD /* SceneDelegate.swift */; };
		76A933142D0F708300A71DAD /* Typography.swift in Sources */ = {isa = PBXBuildFile; fileRef = 76A933132D0F708300A71DAD /* Typography.swift */; };
		76A933172D0F826C00A71DAD /* HomeView.swift in Sources */ = {isa = PBXBuildFile; fileRef = 76A933162D0F826C00A71DAD /* HomeView.swift */; };
		76A933192D0F827C00A71DAD /* HomeViewController.swift in Sources */ = {isa = PBXBuildFile; fileRef = 76A933182D0F827C00A71DAD /* HomeViewController.swift */; };
		76A9331C2D0F82DD00A71DAD /* PlaceTableViewCell.swift in Sources */ = {isa = PBXBuildFile; fileRef = 76A9331B2D0F82DD00A71DAD /* PlaceTableViewCell.swift */; };
		76A9331F2D0F88CA00A71DAD /* PlaceModel.swift in Sources */ = {isa = PBXBuildFile; fileRef = 76A9331E2D0F88CA00A71DAD /* PlaceModel.swift */; };
		76A933212D11117800A71DAD /* Category.swift in Sources */ = {isa = PBXBuildFile; fileRef = 76A933202D11117800A71DAD /* Category.swift */; };
		76A933242D1111A700A71DAD /* HomeViewModel.swift in Sources */ = {isa = PBXBuildFile; fileRef = 76A933232D1111A700A71DAD /* HomeViewModel.swift */; };
		76A933282D121C0000A71DAD /* PlaceAnnotation.swift in Sources */ = {isa = PBXBuildFile; fileRef = 76A933272D121C0000A71DAD /* PlaceAnnotation.swift */; };
		76A9332B2D19E2F300A71DAD /* DetailsViewController.swift in Sources */ = {isa = PBXBuildFile; fileRef = 76A9332A2D19E2F300A71DAD /* DetailsViewController.swift */; };
		76A9332D2D19EE5500A71DAD /* WelcomeFlowDelegate.swift in Sources */ = {isa = PBXBuildFile; fileRef = 76A9332C2D19EE5500A71DAD /* WelcomeFlowDelegate.swift */; };
/* End PBXBuildFile section */

/* Begin PBXFileReference section */
		76A932DA2D0DD8B200A71DAD /* NLW.app */ = {isa = PBXFileReference; explicitFileType = wrapper.application; includeInIndex = 0; path = NLW.app; sourceTree = BUILT_PRODUCTS_DIR; };
		76A932DD2D0DD8B200A71DAD /* AppDelegate.swift */ = {isa = PBXFileReference; lastKnownFileType = sourcecode.swift; path = AppDelegate.swift; sourceTree = "<group>"; };
		76A932E62D0DD8B400A71DAD /* Assets.xcassets */ = {isa = PBXFileReference; lastKnownFileType = folder.assetcatalog; path = Assets.xcassets; sourceTree = "<group>"; };
		76A932EB2D0DD8B400A71DAD /* Info.plist */ = {isa = PBXFileReference; lastKnownFileType = text.plist.xml; path = Info.plist; sourceTree = "<group>"; };
		76A932F82D0E323200A71DAD /* Colors.swift */ = {isa = PBXFileReference; lastKnownFileType = sourcecode.swift; path = Colors.swift; sourceTree = "<group>"; };
		76A932FB2D0E33DB00A71DAD /* NearbyFlowController.swift */ = {isa = PBXFileReference; lastKnownFileType = sourcecode.swift; path = NearbyFlowController.swift; sourceTree = "<group>"; };
		76A932FF2D0E35E800A71DAD /* SplashViewController.swift */ = {isa = PBXFileReference; lastKnownFileType = sourcecode.swift; path = SplashViewController.swift; sourceTree = "<group>"; };
		76A933012D0E363500A71DAD /* SplashView.swift */ = {isa = PBXFileReference; lastKnownFileType = sourcecode.swift; path = SplashView.swift; sourceTree = "<group>"; };
		76A933042D0F5D9800A71DAD /* TipsView.swift */ = {isa = PBXFileReference; lastKnownFileType = sourcecode.swift; path = TipsView.swift; sourceTree = "<group>"; };
		76A933072D0F60F500A71DAD /* WelcomeView.swift */ = {isa = PBXFileReference; lastKnownFileType = sourcecode.swift; path = WelcomeView.swift; sourceTree = "<group>"; };
		76A933092D0F64A000A71DAD /* WelcomeViewController.swift */ = {isa = PBXFileReference; lastKnownFileType = sourcecode.swift; path = WelcomeViewController.swift; sourceTree = "<group>"; };
		76A9330C2D0F6ADC00A71DAD /* UIViewController+ext.swift */ = {isa = PBXFileReference; lastKnownFileType = sourcecode.swift; path = "UIViewController+ext.swift"; sourceTree = "<group>"; };
		76A9330E2D0F6BE500A71DAD /* SplashFlowDelegate.swift */ = {isa = PBXFileReference; lastKnownFileType = sourcecode.swift; path = SplashFlowDelegate.swift; sourceTree = "<group>"; };
		76A933102D0F6EA800A71DAD /* SceneDelegate.swift */ = {isa = PBXFileReference; lastKnownFileType = sourcecode.swift; path = SceneDelegate.swift; sourceTree = "<group>"; };
		76A933132D0F708300A71DAD /* Typography.swift */ = {isa = PBXFileReference; lastKnownFileType = sourcecode.swift; path = Typography.swift; sourceTree = "<group>"; };
		76A933162D0F826C00A71DAD /* HomeView.swift */ = {isa = PBXFileReference; lastKnownFileType = sourcecode.swift; path = HomeView.swift; sourceTree = "<group>"; };
		76A933182D0F827C00A71DAD /* HomeViewController.swift */ = {isa = PBXFileReference; lastKnownFileType = sourcecode.swift; path = HomeViewController.swift; sourceTree = "<group>"; };
		76A9331B2D0F82DD00A71DAD /* PlaceTableViewCell.swift */ = {isa = PBXFileReference; lastKnownFileType = sourcecode.swift; path = PlaceTableViewCell.swift; sourceTree = "<group>"; };
		76A9331E2D0F88CA00A71DAD /* PlaceModel.swift */ = {isa = PBXFileReference; lastKnownFileType = sourcecode.swift; path = PlaceModel.swift; sourceTree = "<group>"; };
		76A933202D11117800A71DAD /* Category.swift */ = {isa = PBXFileReference; lastKnownFileType = sourcecode.swift; path = Category.swift; sourceTree = "<group>"; };
		76A933232D1111A700A71DAD /* HomeViewModel.swift */ = {isa = PBXFileReference; lastKnownFileType = sourcecode.swift; path = HomeViewModel.swift; sourceTree = "<group>"; };
		76A933272D121C0000A71DAD /* PlaceAnnotation.swift */ = {isa = PBXFileReference; lastKnownFileType = sourcecode.swift; path = PlaceAnnotation.swift; sourceTree = "<group>"; };
		76A9332A2D19E2F300A71DAD /* DetailsViewController.swift */ = {isa = PBXFileReference; lastKnownFileType = sourcecode.swift; path = DetailsViewController.swift; sourceTree = "<group>"; };
		76A9332C2D19EE5500A71DAD /* WelcomeFlowDelegate.swift */ = {isa = PBXFileReference; lastKnownFileType = sourcecode.swift; path = WelcomeFlowDelegate.swift; sourceTree = "<group>"; };
/* End PBXFileReference section */

/* Begin PBXFrameworksBuildPhase section */
		76A932D72D0DD8B200A71DAD /* Frameworks */ = {
			isa = PBXFrameworksBuildPhase;
			buildActionMask = 2147483647;
			files = (
			);
			runOnlyForDeploymentPostprocessing = 0;
		};
/* End PBXFrameworksBuildPhase section */

/* Begin PBXGroup section */
		76A932D12D0DD8B200A71DAD = {
			isa = PBXGroup;
			children = (
				76A932DC2D0DD8B200A71DAD /* NLW */,
				76A932DB2D0DD8B200A71DAD /* Products */,
			);
			sourceTree = "<group>";
		};
		76A932DB2D0DD8B200A71DAD /* Products */ = {
			isa = PBXGroup;
			children = (
				76A932DA2D0DD8B200A71DAD /* NLW.app */,
			);
			name = Products;
			sourceTree = "<group>";
		};
		76A932DC2D0DD8B200A71DAD /* NLW */ = {
			isa = PBXGroup;
			children = (
				76A932F42D0E31DF00A71DAD /* Resources */,
				76A932F12D0DE0F200A71DAD /* Sources */,
				76A932DD2D0DD8B200A71DAD /* AppDelegate.swift */,
				76A933102D0F6EA800A71DAD /* SceneDelegate.swift */,
				76A932EB2D0DD8B400A71DAD /* Info.plist */,
			);
			path = NLW;
			sourceTree = "<group>";
		};
		76A932F12D0DE0F200A71DAD /* Sources */ = {
			isa = PBXGroup;
			children = (
				76A932F62D0E321300A71DAD /* Features */,
				76A932F52D0E320100A71DAD /* Constants */,
			);
			path = Sources;
			sourceTree = "<group>";
		};
		76A932F42D0E31DF00A71DAD /* Resources */ = {
			isa = PBXGroup;
			children = (
				76A932E62D0DD8B400A71DAD /* Assets.xcassets */,
			);
			path = Resources;
			sourceTree = "<group>";
		};
		76A932F52D0E320100A71DAD /* Constants */ = {
			isa = PBXGroup;
			children = (
				76A932F82D0E323200A71DAD /* Colors.swift */,
				76A933132D0F708300A71DAD /* Typography.swift */,
			);
			path = Constants;
			sourceTree = "<group>";
		};
		76A932F62D0E321300A71DAD /* Features */ = {
			isa = PBXGroup;
			children = (
				76A9331D2D0F88B400A71DAD /* Models */,
				76A9330B2D0F6AC900A71DAD /* Extensions */,
				76A933032D0F5D8700A71DAD /* Components */,
				76A932FE2D0E35DA00A71DAD /* Scenes */,
				76A932FA2D0E33C700A71DAD /* Coordinator */,
			);
			path = Features;
			sourceTree = "<group>";
		};
		76A932FA2D0E33C700A71DAD /* Coordinator */ = {
			isa = PBXGroup;
			children = (
				76A932FB2D0E33DB00A71DAD /* NearbyFlowController.swift */,
			);
			path = Coordinator;
			sourceTree = "<group>";
		};
		76A932FD2D0E35CB00A71DAD /* Splash */ = {
			isa = PBXGroup;
			children = (
				76A932FF2D0E35E800A71DAD /* SplashViewController.swift */,
				76A933012D0E363500A71DAD /* SplashView.swift */,
				76A9330E2D0F6BE500A71DAD /* SplashFlowDelegate.swift */,
			);
			path = Splash;
			sourceTree = "<group>";
		};
		76A932FE2D0E35DA00A71DAD /* Scenes */ = {
			isa = PBXGroup;
			children = (
				76A933292D19E2E900A71DAD /* Detail */,
				76A933152D0F824C00A71DAD /* Home View */,
				76A933062D0F60E500A71DAD /* Welcome View */,
				76A932FD2D0E35CB00A71DAD /* Splash */,
			);
			path = Scenes;
			sourceTree = "<group>";
		};
		76A933032D0F5D8700A71DAD /* Components */ = {
			isa = PBXGroup;
			children = (
				76A933042D0F5D9800A71DAD /* TipsView.swift */,
			);
			path = Components;
			sourceTree = "<group>";
		};
		76A933062D0F60E500A71DAD /* Welcome View */ = {
			isa = PBXGroup;
			children = (
				76A933072D0F60F500A71DAD /* WelcomeView.swift */,
				76A933092D0F64A000A71DAD /* WelcomeViewController.swift */,
				76A9332C2D19EE5500A71DAD /* WelcomeFlowDelegate.swift */,
			);
			path = "Welcome View";
			sourceTree = "<group>";
		};
		76A9330B2D0F6AC900A71DAD /* Extensions */ = {
			isa = PBXGroup;
			children = (
				76A9330C2D0F6ADC00A71DAD /* UIViewController+ext.swift */,
			);
			path = Extensions;
			sourceTree = "<group>";
		};
		76A933152D0F824C00A71DAD /* Home View */ = {
			isa = PBXGroup;
			children = (
				76A933222D11119E00A71DAD /* ViewModel */,
				76A9331A2D0F82CB00A71DAD /* TableViewCell */,
				76A933162D0F826C00A71DAD /* HomeView.swift */,
				76A933182D0F827C00A71DAD /* HomeViewController.swift */,
			);
			path = "Home View";
			sourceTree = "<group>";
		};
		76A9331A2D0F82CB00A71DAD /* TableViewCell */ = {
			isa = PBXGroup;
			children = (
				76A9331B2D0F82DD00A71DAD /* PlaceTableViewCell.swift */,
			);
			path = TableViewCell;
			sourceTree = "<group>";
		};
		76A9331D2D0F88B400A71DAD /* Models */ = {
			isa = PBXGroup;
			children = (
				76A9331E2D0F88CA00A71DAD /* PlaceModel.swift */,
				76A933202D11117800A71DAD /* Category.swift */,
				76A933272D121C0000A71DAD /* PlaceAnnotation.swift */,
			);
			path = Models;
			sourceTree = "<group>";
		};
		76A933222D11119E00A71DAD /* ViewModel */ = {
			isa = PBXGroup;
			children = (
				76A933232D1111A700A71DAD /* HomeViewModel.swift */,
			);
			path = ViewModel;
			sourceTree = "<group>";
		};
		76A933292D19E2E900A71DAD /* Detail */ = {
			isa = PBXGroup;
			children = (
				76A9332A2D19E2F300A71DAD /* DetailsViewController.swift */,
			);
			path = Detail;
			sourceTree = "<group>";
		};
/* End PBXGroup section */

/* Begin PBXNativeTarget section */
		76A932D92D0DD8B200A71DAD /* NLW */ = {
			isa = PBXNativeTarget;
			buildConfigurationList = 76A932EE2D0DD8B400A71DAD /* Build configuration list for PBXNativeTarget "NLW" */;
			buildPhases = (
				76A932D62D0DD8B200A71DAD /* Sources */,
				76A932D72D0DD8B200A71DAD /* Frameworks */,
				76A932D82D0DD8B200A71DAD /* Resources */,
			);
			buildRules = (
			);
			dependencies = (
			);
			name = NLW;
			productName = NLW;
			productReference = 76A932DA2D0DD8B200A71DAD /* NLW.app */;
			productType = "com.apple.product-type.application";
		};
/* End PBXNativeTarget section */

/* Begin PBXProject section */
		76A932D22D0DD8B200A71DAD /* Project object */ = {
			isa = PBXProject;
			attributes = {
				BuildIndependentTargetsInParallel = 1;
				LastSwiftUpdateCheck = 1540;
				LastUpgradeCheck = 1540;
				TargetAttributes = {
					76A932D92D0DD8B200A71DAD = {
						CreatedOnToolsVersion = 15.4;
					};
				};
			};
			buildConfigurationList = 76A932D52D0DD8B200A71DAD /* Build configuration list for PBXProject "NLW" */;
			compatibilityVersion = "Xcode 14.0";
			developmentRegion = en;
			hasScannedForEncodings = 0;
			knownRegions = (
				en,
				Base,
			);
			mainGroup = 76A932D12D0DD8B200A71DAD;
			productRefGroup = 76A932DB2D0DD8B200A71DAD /* Products */;
			projectDirPath = "";
			projectRoot = "";
			targets = (
				76A932D92D0DD8B200A71DAD /* NLW */,
			);
		};
/* End PBXProject section */

/* Begin PBXResourcesBuildPhase section */
		76A932D82D0DD8B200A71DAD /* Resources */ = {
			isa = PBXResourcesBuildPhase;
			buildActionMask = 2147483647;
			files = (
				76A932E72D0DD8B400A71DAD /* Assets.xcassets in Resources */,
			);
			runOnlyForDeploymentPostprocessing = 0;
		};
/* End PBXResourcesBuildPhase section */

/* Begin PBXSourcesBuildPhase section */
		76A932D62D0DD8B200A71DAD /* Sources */ = {
			isa = PBXSourcesBuildPhase;
			buildActionMask = 2147483647;
			files = (
				76A932FC2D0E33DB00A71DAD /* NearbyFlowController.swift in Sources */,
				76A933242D1111A700A71DAD /* HomeViewModel.swift in Sources */,
				76A9331F2D0F88CA00A71DAD /* PlaceModel.swift in Sources */,
				76A9330A2D0F64A000A71DAD /* WelcomeViewController.swift in Sources */,
				76A9332D2D19EE5500A71DAD /* WelcomeFlowDelegate.swift in Sources */,
				76A933172D0F826C00A71DAD /* HomeView.swift in Sources */,
				76A932F92D0E323200A71DAD /* Colors.swift in Sources */,
				76A933002D0E35E800A71DAD /* SplashViewController.swift in Sources */,
				76A933192D0F827C00A71DAD /* HomeViewController.swift in Sources */,
				76A933082D0F60F500A71DAD /* WelcomeView.swift in Sources */,
				76A933052D0F5D9800A71DAD /* TipsView.swift in Sources */,
				76A932DE2D0DD8B200A71DAD /* AppDelegate.swift in Sources */,
				76A933112D0F6EA800A71DAD /* SceneDelegate.swift in Sources */,
				76A933212D11117800A71DAD /* Category.swift in Sources */,
				76A9330D2D0F6ADC00A71DAD /* UIViewController+ext.swift in Sources */,
				76A933282D121C0000A71DAD /* PlaceAnnotation.swift in Sources */,
				76A9330F2D0F6BE500A71DAD /* SplashFlowDelegate.swift in Sources */,
				76A933142D0F708300A71DAD /* Typography.swift in Sources */,
				76A933022D0E363500A71DAD /* SplashView.swift in Sources */,
				76A9331C2D0F82DD00A71DAD /* PlaceTableViewCell.swift in Sources */,
				76A9332B2D19E2F300A71DAD /* DetailsViewController.swift in Sources */,
			);
			runOnlyForDeploymentPostprocessing = 0;
		};
/* End PBXSourcesBuildPhase section */

/* Begin XCBuildConfiguration section */
		76A932EC2D0DD8B400A71DAD /* Debug */ = {
			isa = XCBuildConfiguration;
			buildSettings = {
				ALWAYS_SEARCH_USER_PATHS = NO;
				ASSETCATALOG_COMPILER_GENERATE_SWIFT_ASSET_SYMBOL_EXTENSIONS = YES;
				CLANG_ANALYZER_NONNULL = YES;
				CLANG_ANALYZER_NUMBER_OBJECT_CONVERSION = YES_AGGRESSIVE;
				CLANG_CXX_LANGUAGE_STANDARD = "gnu++20";
				CLANG_ENABLE_MODULES = YES;
				CLANG_ENABLE_OBJC_ARC = YES;
				CLANG_ENABLE_OBJC_WEAK = YES;
				CLANG_WARN_BLOCK_CAPTURE_AUTORELEASING = YES;
				CLANG_WARN_BOOL_CONVERSION = YES;
				CLANG_WARN_COMMA = YES;
				CLANG_WARN_CONSTANT_CONVERSION = YES;
				CLANG_WARN_DEPRECATED_OBJC_IMPLEMENTATIONS = YES;
				CLANG_WARN_DIRECT_OBJC_ISA_USAGE = YES_ERROR;
				CLANG_WARN_DOCUMENTATION_COMMENTS = YES;
				CLANG_WARN_EMPTY_BODY = YES;
				CLANG_WARN_ENUM_CONVERSION = YES;
				CLANG_WARN_INFINITE_RECURSION = YES;
				CLANG_WARN_INT_CONVERSION = YES;
				CLANG_WARN_NON_LITERAL_NULL_CONVERSION = YES;
				CLANG_WARN_OBJC_IMPLICIT_RETAIN_SELF = YES;
				CLANG_WARN_OBJC_LITERAL_CONVERSION = YES;
				CLANG_WARN_OBJC_ROOT_CLASS = YES_ERROR;
				CLANG_WARN_QUOTED_INCLUDE_IN_FRAMEWORK_HEADER = YES;
				CLANG_WARN_RANGE_LOOP_ANALYSIS = YES;
				CLANG_WARN_STRICT_PROTOTYPES = YES;
				CLANG_WARN_SUSPICIOUS_MOVE = YES;
				CLANG_WARN_UNGUARDED_AVAILABILITY = YES_AGGRESSIVE;
				CLANG_WARN_UNREACHABLE_CODE = YES;
				CLANG_WARN__DUPLICATE_METHOD_MATCH = YES;
				COPY_PHASE_STRIP = NO;
				DEBUG_INFORMATION_FORMAT = dwarf;
				ENABLE_STRICT_OBJC_MSGSEND = YES;
				ENABLE_TESTABILITY = YES;
				ENABLE_USER_SCRIPT_SANDBOXING = YES;
				GCC_C_LANGUAGE_STANDARD = gnu17;
				GCC_DYNAMIC_NO_PIC = NO;
				GCC_NO_COMMON_BLOCKS = YES;
				GCC_OPTIMIZATION_LEVEL = 0;
				GCC_PREPROCESSOR_DEFINITIONS = (
					"DEBUG=1",
					"$(inherited)",
				);
				GCC_WARN_64_TO_32_BIT_CONVERSION = YES;
				GCC_WARN_ABOUT_RETURN_TYPE = YES_ERROR;
				GCC_WARN_UNDECLARED_SELECTOR = YES;
				GCC_WARN_UNINITIALIZED_AUTOS = YES_AGGRESSIVE;
				GCC_WARN_UNUSED_FUNCTION = YES;
				GCC_WARN_UNUSED_VARIABLE = YES;
				IPHONEOS_DEPLOYMENT_TARGET = 17.5;
				LOCALIZATION_PREFERS_STRING_CATALOGS = YES;
				MTL_ENABLE_DEBUG_INFO = INCLUDE_SOURCE;
				MTL_FAST_MATH = YES;
				ONLY_ACTIVE_ARCH = YES;
				SDKROOT = iphoneos;
				SWIFT_ACTIVE_COMPILATION_CONDITIONS = "DEBUG $(inherited)";
				SWIFT_OPTIMIZATION_LEVEL = "-Onone";
			};
			name = Debug;
		};
		76A932ED2D0DD8B400A71DAD /* Release */ = {
			isa = XCBuildConfiguration;
			buildSettings = {
				ALWAYS_SEARCH_USER_PATHS = NO;
				ASSETCATALOG_COMPILER_GENERATE_SWIFT_ASSET_SYMBOL_EXTENSIONS = YES;
				CLANG_ANALYZER_NONNULL = YES;
				CLANG_ANALYZER_NUMBER_OBJECT_CONVERSION = YES_AGGRESSIVE;
				CLANG_CXX_LANGUAGE_STANDARD = "gnu++20";
				CLANG_ENABLE_MODULES = YES;
				CLANG_ENABLE_OBJC_ARC = YES;
				CLANG_ENABLE_OBJC_WEAK = YES;
				CLANG_WARN_BLOCK_CAPTURE_AUTORELEASING = YES;
				CLANG_WARN_BOOL_CONVERSION = YES;
				CLANG_WARN_COMMA = YES;
				CLANG_WARN_CONSTANT_CONVERSION = YES;
				CLANG_WARN_DEPRECATED_OBJC_IMPLEMENTATIONS = YES;
				CLANG_WARN_DIRECT_OBJC_ISA_USAGE = YES_ERROR;
				CLANG_WARN_DOCUMENTATION_COMMENTS = YES;
				CLANG_WARN_EMPTY_BODY = YES;
				CLANG_WARN_ENUM_CONVERSION = YES;
				CLANG_WARN_INFINITE_RECURSION = YES;
				CLANG_WARN_INT_CONVERSION = YES;
				CLANG_WARN_NON_LITERAL_NULL_CONVERSION = YES;
				CLANG_WARN_OBJC_IMPLICIT_RETAIN_SELF = YES;
				CLANG_WARN_OBJC_LITERAL_CONVERSION = YES;
				CLANG_WARN_OBJC_ROOT_CLASS = YES_ERROR;
				CLANG_WARN_QUOTED_INCLUDE_IN_FRAMEWORK_HEADER = YES;
				CLANG_WARN_RANGE_LOOP_ANALYSIS = YES;
				CLANG_WARN_STRICT_PROTOTYPES = YES;
				CLANG_WARN_SUSPICIOUS_MOVE = YES;
				CLANG_WARN_UNGUARDED_AVAILABILITY = YES_AGGRESSIVE;
				CLANG_WARN_UNREACHABLE_CODE = YES;
				CLANG_WARN__DUPLICATE_METHOD_MATCH = YES;
				COPY_PHASE_STRIP = NO;
				DEBUG_INFORMATION_FORMAT = "dwarf-with-dsym";
				ENABLE_NS_ASSERTIONS = NO;
				ENABLE_STRICT_OBJC_MSGSEND = YES;
				ENABLE_USER_SCRIPT_SANDBOXING = YES;
				GCC_C_LANGUAGE_STANDARD = gnu17;
				GCC_NO_COMMON_BLOCKS = YES;
				GCC_WARN_64_TO_32_BIT_CONVERSION = YES;
				GCC_WARN_ABOUT_RETURN_TYPE = YES_ERROR;
				GCC_WARN_UNDECLARED_SELECTOR = YES;
				GCC_WARN_UNINITIALIZED_AUTOS = YES_AGGRESSIVE;
				GCC_WARN_UNUSED_FUNCTION = YES;
				GCC_WARN_UNUSED_VARIABLE = YES;
				IPHONEOS_DEPLOYMENT_TARGET = 17.5;
				LOCALIZATION_PREFERS_STRING_CATALOGS = YES;
				MTL_ENABLE_DEBUG_INFO = NO;
				MTL_FAST_MATH = YES;
				SDKROOT = iphoneos;
				SWIFT_COMPILATION_MODE = wholemodule;
				VALIDATE_PRODUCT = YES;
			};
			name = Release;
		};
		76A932EF2D0DD8B400A71DAD /* Debug */ = {
			isa = XCBuildConfiguration;
			buildSettings = {
				ASSETCATALOG_COMPILER_APPICON_NAME = AppIcon;
				ASSETCATALOG_COMPILER_GLOBAL_ACCENT_COLOR_NAME = AccentColor;
				CODE_SIGN_STYLE = Automatic;
				CURRENT_PROJECT_VERSION = 1;
				DEVELOPMENT_TEAM = T7FAAY3JV4;
				GENERATE_INFOPLIST_FILE = YES;
				INFOPLIST_FILE = NLW/Info.plist;
				INFOPLIST_KEY_UIApplicationSupportsIndirectInputEvents = YES;
				INFOPLIST_KEY_UILaunchStoryboardName = LaunchScreen;
				INFOPLIST_KEY_UISupportedInterfaceOrientations_iPad = "UIInterfaceOrientationPortrait UIInterfaceOrientationPortraitUpsideDown UIInterfaceOrientationLandscapeLeft UIInterfaceOrientationLandscapeRight";
				INFOPLIST_KEY_UISupportedInterfaceOrientations_iPhone = "UIInterfaceOrientationPortrait UIInterfaceOrientationLandscapeLeft UIInterfaceOrientationLandscapeRight";
				LD_RUNPATH_SEARCH_PATHS = (
					"$(inherited)",
					"@executable_path/Frameworks",
				);
				MARKETING_VERSION = 1.0;
				PRODUCT_BUNDLE_IDENTIFIER = MatheusFranceschini.NLW;
				PRODUCT_NAME = "$(TARGET_NAME)";
				SWIFT_EMIT_LOC_STRINGS = YES;
				SWIFT_VERSION = 5.0;
				TARGETED_DEVICE_FAMILY = "1,2";
			};
			name = Debug;
		};
		76A932F02D0DD8B400A71DAD /* Release */ = {
			isa = XCBuildConfiguration;
			buildSettings = {
				ASSETCATALOG_COMPILER_APPICON_NAME = AppIcon;
				ASSETCATALOG_COMPILER_GLOBAL_ACCENT_COLOR_NAME = AccentColor;
				CODE_SIGN_STYLE = Automatic;
				CURRENT_PROJECT_VERSION = 1;
				DEVELOPMENT_TEAM = T7FAAY3JV4;
				GENERATE_INFOPLIST_FILE = YES;
				INFOPLIST_FILE = NLW/Info.plist;
				INFOPLIST_KEY_UIApplicationSupportsIndirectInputEvents = YES;
				INFOPLIST_KEY_UILaunchStoryboardName = LaunchScreen;
				INFOPLIST_KEY_UISupportedInterfaceOrientations_iPad = "UIInterfaceOrientationPortrait UIInterfaceOrientationPortraitUpsideDown UIInterfaceOrientationLandscapeLeft UIInterfaceOrientationLandscapeRight";
				INFOPLIST_KEY_UISupportedInterfaceOrientations_iPhone = "UIInterfaceOrientationPortrait UIInterfaceOrientationLandscapeLeft UIInterfaceOrientationLandscapeRight";
				LD_RUNPATH_SEARCH_PATHS = (
					"$(inherited)",
					"@executable_path/Frameworks",
				);
				MARKETING_VERSION = 1.0;
				PRODUCT_BUNDLE_IDENTIFIER = MatheusFranceschini.NLW;
				PRODUCT_NAME = "$(TARGET_NAME)";
				SWIFT_EMIT_LOC_STRINGS = YES;
				SWIFT_VERSION = 5.0;
				TARGETED_DEVICE_FAMILY = "1,2";
			};
			name = Release;
		};
/* End XCBuildConfiguration section */

/* Begin XCConfigurationList section */
		76A932D52D0DD8B200A71DAD /* Build configuration list for PBXProject "NLW" */ = {
			isa = XCConfigurationList;
			buildConfigurations = (
				76A932EC2D0DD8B400A71DAD /* Debug */,
				76A932ED2D0DD8B400A71DAD /* Release */,
			);
			defaultConfigurationIsVisible = 0;
			defaultConfigurationName = Release;
		};
		76A932EE2D0DD8B400A71DAD /* Build configuration list for PBXNativeTarget "NLW" */ = {
			isa = XCConfigurationList;
			buildConfigurations = (
				76A932EF2D0DD8B400A71DAD /* Debug */,
				76A932F02D0DD8B400A71DAD /* Release */,
			);
			defaultConfigurationIsVisible = 0;
			defaultConfigurationName = Release;
		};
/* End XCConfigurationList section */
	};
	rootObject = 76A932D22D0DD8B200A71DAD /* Project object */;
}
